
Microsoft Visual Studio Solution File, Format Version 12.00
# Visual Studio Version 17
VisualStudioVersion = 17.0.31919.166
MinimumVisualStudioVersion = 10.0.40219.1
Project("{FAE04EC0-301F-11D3-BF4B-00C04F79EFBC}") = "WebApplication9", "WebApplication9\WebApplication9.csproj", "{52262C38-8B42-485E-9E90-CFCDCA73ECF8}"
EndProject
Global
	GlobalSection(SolutionConfigurationPlatforms) = preSolution
		Debug|Any CPU = Debug|Any CPU
		Release|Any CPU = Release|Any CPU
	EndGlobalSection
	GlobalSection(ProjectConfigurationPlatforms) = postSolution
		{52262C38-8B42-485E-9E90-CFCDCA73ECF8}.Debug|Any CPU.ActiveCfg = Debug|Any CPU
		{52262C38-8B42-485E-9E90-CFCDCA73ECF8}.Debug|Any CPU.Build.0 = Debug|Any CPU
		{52262C38-8B42-485E-9E90-CFCDCA73ECF8}.Release|Any CPU.ActiveCfg = Release|Any CPU
		{52262C38-8B42-485E-9E90-CFCDCA73ECF8}.Release|Any CPU.Build.0 = Release|Any CPU
	EndGlobalSection
	GlobalSection(SolutionProperties) = preSolution
		HideSolutionNode = FALSE
	EndGlobalSection
	GlobalSection(ExtensibilityGlobals) = postSolution
		SolutionGuid = {A61BAF1F-4E84-41ED-80AA-09355C2FB2A1}
	EndGlobalSection
EndGlobal
